// !$*UTF8*$!
{
	archiveVersion = 1;
	classes = {
	};
	objectVersion = 77;
	objects = {

/* Begin PBXBuildFile section */
		18B474CC301BAC3500B48ED9 /* ContentView.swift in Sources */ = {isa = PBXBuildFile; fileRef = 18B474C8301BAC3500B48ED9 /* ContentView.swift */; };
		18B474CD301BAC3500B48ED9 /* IosTemplateProjectApp.swift in Sources */ = {isa = PBXBuildFile; fileRef = 18B474C9301BAC3500B48ED9 /* IosTemplateProjectApp.swift */; };
		18B474CE301BAC3500B48ED9 /* Item.swift in Sources */ = {isa = PBXBuildFile; fileRef = 18B474CA301BAC3500B48ED9 /* Item.swift */; };
		18B474CF301BAC3500B48ED9 /* Assets.xcassets in Resources */ = {isa = PBXBuildFile; fileRef = 18B474C7301BAC3500B48ED9 /* Assets.xcassets */; };
		18B474DA301BACDD00B48ED9 /* LoaderView.swift in Sources */ = {isa = PBXBuildFile; fileRef = 18B474D9301BACD900B48ED9 /* LoaderView.swift */; };
		18B474DD301BAE7700B48ED9 /* Router.swift in Sources */ = {isa = PBXBuildFile; fileRef = 18B474DC301BAE7500B48ED9 /* Router.swift */; };
		18B474DF301BB14B00B48ED9 /* OnboardingView.swift in Sources */ = {isa = PBXBuildFile; fileRef = 18B474DE301BB14600B48ED9 /* OnboardingView.swift */; };
		18B474E1301BB20100B48ED9 /* OnboardingViewModel.swift in Sources */ = {isa = PBXBuildFile; fileRef = 18B474E0301BB20100B48ED9 /* OnboardingViewModel.swift */; };
		18B474E1301BB45400B48ED9 /* BaseView.swift in Sources */ = {isa = PBXBuildFile; fileRef = 18B474E0301BB45400B48ED9 /* BaseView.swift */; };
		18B474E3301BB20200B48ED9 /* OnboardingModels.swift in Sources */ = {isa = PBXBuildFile; fileRef = 18B474E2301BB20200B48ED9 /* OnboardingModels.swift */; };
		18B474E5301BB20300B48ED9 /* AppConstants.swift in Sources */ = {isa = PBXBuildFile; fileRef = 18B474E4301BB20300B48ED9 /* AppConstants.swift */; };
		18B474E7301BB20400B48ED9 /* OnboardingPageControl.swift in Sources */ = {isa = PBXBuildFile; fileRef = 18B474E6301BB20400B48ED9 /* OnboardingPageControl.swift */; };
		18B474E9301BB20500B48ED9 /* OnboardingNextButton.swift in Sources */ = {isa = PBXBuildFile; fileRef = 18B474E8301BB20500B48ED9 /* OnboardingNextButton.swift */; };
		18B474EB301BB20600B48ED9 /* OnboardingLinksRow.swift in Sources */ = {isa = PBXBuildFile; fileRef = 18B474EA301BB20600B48ED9 /* OnboardingLinksRow.swift */; };
		18B474ED301BB20700B48ED9 /* OnboardingSurveyButton.swift in Sources */ = {isa = PBXBuildFile; fileRef = 18B474EC301BB20700B48ED9 /* OnboardingSurveyButton.swift */; };
/* End PBXBuildFile section */

/* Begin PBXFileReference section */
		18B474B7301BAC2C00B48ED9 /* IosTemplateProject.app */ = {isa = PBXFileReference; explicitFileType = wrapper.application; includeInIndex = 0; path = IosTemplateProject.app; sourceTree = BUILT_PRODUCTS_DIR; };
		18B474C7301BAC3500B48ED9 /* Assets.xcassets */ = {isa = PBXFileReference; lastKnownFileType = folder.assetcatalog; path = Assets.xcassets; sourceTree = "<group>"; };
		18B474C8301BAC3500B48ED9 /* ContentView.swift */ = {isa = PBXFileReference; lastKnownFileType = sourcecode.swift; path = ContentView.swift; sourceTree = "<group>"; };
		18B474C9301BAC3500B48ED9 /* IosTemplateProjectApp.swift */ = {isa = PBXFileReference; lastKnownFileType = sourcecode.swift; path = IosTemplateProjectApp.swift; sourceTree = "<group>"; };
		18B474CA301BAC3500B48ED9 /* Item.swift */ = {isa = PBXFileReference; lastKnownFileType = sourcecode.swift; path = Item.swift; sourceTree = "<group>"; };
		18B474D9301BACD900B48ED9 /* LoaderView.swift */ = {isa = PBXFileReference; lastKnownFileType = sourcecode.swift; path = LoaderView.swift; sourceTree = "<group>"; };
		18B474DC301BAE7500B48ED9 /* Router.swift */ = {isa = PBXFileReference; lastKnownFileType = sourcecode.swift; path = Router.swift; sourceTree = "<group>"; };
		18B474DE301BB14600B48ED9 /* OnboardingView.swift */ = {isa = PBXFileReference; lastKnownFileType = sourcecode.swift; path = OnboardingView.swift; sourceTree = "<group>"; };
		18B474E0301BB20100B48ED9 /* OnboardingViewModel.swift */ = {isa = PBXFileReference; lastKnownFileType = sourcecode.swift; path = OnboardingViewModel.swift; sourceTree = "<group>"; };
		18B474E0301BB45400B48ED9 /* BaseView.swift */ = {isa = PBXFileReference; lastKnownFileType = sourcecode.swift; path = BaseView.swift; sourceTree = "<group>"; };
		18B474E2301BB20200B48ED9 /* OnboardingModels.swift */ = {isa = PBXFileReference; lastKnownFileType = sourcecode.swift; path = OnboardingModels.swift; sourceTree = "<group>"; };
		18B474E4301BB20300B48ED9 /* AppConstants.swift */ = {isa = PBXFileReference; lastKnownFileType = sourcecode.swift; path = AppConstants.swift; sourceTree = "<group>"; };
		18B474E6301BB20400B48ED9 /* OnboardingPageControl.swift */ = {isa = PBXFileReference; lastKnownFileType = sourcecode.swift; path = OnboardingPageControl.swift; sourceTree = "<group>"; };
		18B474E8301BB20500B48ED9 /* OnboardingNextButton.swift */ = {isa = PBXFileReference; lastKnownFileType = sourcecode.swift; path = OnboardingNextButton.swift; sourceTree = "<group>"; };
		18B474EA301BB20600B48ED9 /* OnboardingLinksRow.swift */ = {isa = PBXFileReference; lastKnownFileType = sourcecode.swift; path = OnboardingLinksRow.swift; sourceTree = "<group>"; };
		18B474EC301BB20700B48ED9 /* OnboardingSurveyButton.swift */ = {isa = PBXFileReference; lastKnownFileType = sourcecode.swift; path = OnboardingSurveyButton.swift; sourceTree = "<group>"; };
/* End PBXFileReference section */

/* Begin PBXFrameworksBuildPhase section */
		18B474B4301BAC2C00B48ED9 /* Frameworks */ = {
			isa = PBXFrameworksBuildPhase;
			buildActionMask = 2147483647;
			files = (
			);
			runOnlyForDeploymentPostprocessing = 0;
		};
/* End PBXFrameworksBuildPhase section */

/* Begin PBXGroup section */
		18B474AE301BAC2C00B48ED9 = {
			isa = PBXGroup;
			children = (
				18B474CB301BAC3500B48ED9 /* IosTemplateProject */,
				18B474B8301BAC2C00B48ED9 /* Products */,
			);
			sourceTree = "<group>";
		};
		18B474B8301BAC2C00B48ED9 /* Products */ = {
			isa = PBXGroup;
			children = (
				18B474B7301BAC2C00B48ED9 /* IosTemplateProject.app */,
			);
			name = Products;
			sourceTree = "<group>";
		};
		18B474CB301BAC3500B48ED9 /* IosTemplateProject */ = {
			isa = PBXGroup;
			children = (
				18B474D0301BAC3800B48ED9 /* App */,
				18B474D1301BAC4500B48ED9 /* Data */,
				18B474D2301BAC4B00B48ED9 /* Domain */,
				18B474D4301BAC5C00B48ED9 /* Core */,
				18B474D3301BAC5000B48ED9 /* Presentation */,
				18B474D7301BACA600B48ED9 /* Resources */,
			);
			path = IosTemplateProject;
			sourceTree = "<group>";
		};
		18B474D0301BAC3800B48ED9 /* App */ = {
			isa = PBXGroup;
			children = (
				18B474E0301BB45400B48ED9 /* BaseView.swift */,
				18B474C9301BAC3500B48ED9 /* IosTemplateProjectApp.swift */,
			);
			path = App;
			sourceTree = "<group>";
		};
		18B474D1301BAC4500B48ED9 /* Data */ = {
			isa = PBXGroup;
			children = (
				18B474D8301BACC200B48ED9 /* SwiftData */,
			);
			path = Data;
			sourceTree = "<group>";
		};
		18B474D2301BAC4B00B48ED9 /* Domain */ = {
			isa = PBXGroup;
			children = (
				18B474EE301BB20800B48ED9 /* Constants */,
				18B474EF301BB20900B48ED9 /* Models */,
				18B474DB301BAE6600B48ED9 /* Router */,
			);
			path = Domain;
			sourceTree = "<group>";
		};
		18B474D3301BAC5000B48ED9 /* Presentation */ = {
			isa = PBXGroup;
			children = (
				18B474C8301BAC3500B48ED9 /* ContentView.swift */,
				18B474D5301BAC7C00B48ED9 /* Loader */,
				18B474D6301BAC8200B48ED9 /* Onboarding */,
			);
			path = Presentation;
			sourceTree = "<group>";
		};
		18B474D4301BAC5C00B48ED9 /* Core */ = {
			isa = PBXGroup;
			children = (
			);
			path = Core;
			sourceTree = "<group>";
		};
		18B474D5301BAC7C00B48ED9 /* Loader */ = {
			isa = PBXGroup;
			children = (
				18B474D9301BACD900B48ED9 /* LoaderView.swift */,
			);
			path = Loader;
			sourceTree = "<group>";
		};
		18B474D6301BAC8200B48ED9 /* Onboarding */ = {
			isa = PBXGroup;
			children = (
				18B474DE301BB14600B48ED9 /* OnboardingView.swift */,
				18B474E0301BB20100B48ED9 /* OnboardingViewModel.swift */,
				18B474F0301BB20A00B48ED9 /* Components */,
			);
			path = Onboarding;
			sourceTree = "<group>";
		};
		18B474D7301BACA600B48ED9 /* Resources */ = {
			isa = PBXGroup;
			children = (
				18B474C7301BAC3500B48ED9 /* Assets.xcassets */,
			);
			path = Resources;
			sourceTree = "<group>";
		};
		18B474D8301BACC200B48ED9 /* SwiftData */ = {
			isa = PBXGroup;
			children = (
				18B474CA301BAC3500B48ED9 /* Item.swift */,
			);
			path = SwiftData;
			sourceTree = "<group>";
		};
		18B474DB301BAE6600B48ED9 /* Router */ = {
			isa = PBXGroup;
			children = (
				18B474DC301BAE7500B48ED9 /* Router.swift */,
			);
			path = Router;
			sourceTree = "<group>";
		};
		18B474EE301BB20800B48ED9 /* Constants */ = {
			isa = PBXGroup;
			children = (
				18B474E4301BB20300B48ED9 /* AppConstants.swift */,
			);
			path = Constants;
			sourceTree = "<group>";
		};
		18B474EF301BB20900B48ED9 /* Models */ = {
			isa = PBXGroup;
			children = (
				18B474F1301BB20B00B48ED9 /* Onboarding */,
			);
			path = Models;
			sourceTree = "<group>";
		};
		18B474F0301BB20A00B48ED9 /* Components */ = {
			isa = PBXGroup;
			children = (
				18B474EA301BB20600B48ED9 /* OnboardingLinksRow.swift */,
				18B474E8301BB20500B48ED9 /* OnboardingNextButton.swift */,
				18B474E6301BB20400B48ED9 /* OnboardingPageControl.swift */,
				18B474EC301BB20700B48ED9 /* OnboardingSurveyButton.swift */,
			);
			path = Components;
			sourceTree = "<group>";
		};
		18B474F1301BB20B00B48ED9 /* Onboarding */ = {
			isa = PBXGroup;
			children = (
				18B474E2301BB20200B48ED9 /* OnboardingModels.swift */,
			);
			path = Onboarding;
			sourceTree = "<group>";
		};
/* End PBXGroup section */

/* Begin PBXNativeTarget section */
		18B474B6301BAC2C00B48ED9 /* IosTemplateProject */ = {
			isa = PBXNativeTarget;
			buildConfigurationList = 18B474C4301BAC2D00B48ED9 /* Build configuration list for PBXNativeTarget "IosTemplateProject" */;
			buildPhases = (
				18B474B3301BAC2C00B48ED9 /* Sources */,
				18B474B4301BAC2C00B48ED9 /* Frameworks */,
				18B474B5301BAC2C00B48ED9 /* Resources */,
			);
			buildRules = (
			);
			dependencies = (
			);
			name = IosTemplateProject;
			packageProductDependencies = (
			);
			productName = IosTemplateProject;
			productReference = 18B474B7301BAC2C00B48ED9 /* IosTemplateProject.app */;
			productType = "com.apple.product-type.application";
		};
/* End PBXNativeTarget section */

/* Begin PBXProject section */
		18B474AF301BAC2C00B48ED9 /* Project object */ = {
			isa = PBXProject;
			attributes = {
				BuildIndependentTargetsInParallel = 1;
				LastSwiftUpdateCheck = 2650;
				LastUpgradeCheck = 2650;
				TargetAttributes = {
					18B474B6301BAC2C00B48ED9 = {
						CreatedOnToolsVersion = 26.5;
					};
				};
			};
			buildConfigurationList = 18B474B2301BAC2C00B48ED9 /* Build configuration list for PBXProject "IosTemplateProject" */;
			developmentRegion = en;
			hasScannedForEncodings = 0;
			knownRegions = (
				en,
				Base,
			);
			mainGroup = 18B474AE301BAC2C00B48ED9;
			minimizedProjectReferenceProxies = 1;
			preferredProjectObjectVersion = 77;
			productRefGroup = 18B474B8301BAC2C00B48ED9 /* Products */;
			projectDirPath = "";
			projectRoot = "";
			targets = (
				18B474B6301BAC2C00B48ED9 /* IosTemplateProject */,
			);
		};
/* End PBXProject section */

/* Begin PBXResourcesBuildPhase section */
		18B474B5301BAC2C00B48ED9 /* Resources */ = {
			isa = PBXResourcesBuildPhase;
			buildActionMask = 2147483647;
			files = (
				18B474CF301BAC3500B48ED9 /* Assets.xcassets in Resources */,
			);
			runOnlyForDeploymentPostprocessing = 0;
		};
/* End PBXResourcesBuildPhase section */

/* Begin PBXSourcesBuildPhase section */
		18B474B3301BAC2C00B48ED9 /* Sources */ = {
			isa = PBXSourcesBuildPhase;
			buildActionMask = 2147483647;
			files = (
				18B474CC301BAC3500B48ED9 /* ContentView.swift in Sources */,
				18B474DA301BACDD00B48ED9 /* LoaderView.swift in Sources */,
				18B474DD301BAE7700B48ED9 /* Router.swift in Sources */,
				18B474DF301BB14B00B48ED9 /* OnboardingView.swift in Sources */,
				18B474E1301BB20100B48ED9 /* OnboardingViewModel.swift in Sources */,
				18B474E3301BB20200B48ED9 /* OnboardingModels.swift in Sources */,
				18B474E5301BB20300B48ED9 /* AppConstants.swift in Sources */,
				18B474E7301BB20400B48ED9 /* OnboardingPageControl.swift in Sources */,
				18B474E9301BB20500B48ED9 /* OnboardingNextButton.swift in Sources */,
				18B474EB301BB20600B48ED9 /* OnboardingLinksRow.swift in Sources */,
				18B474ED301BB20700B48ED9 /* OnboardingSurveyButton.swift in Sources */,
				18B474E1301BB45400B48ED9 /* BaseView.swift in Sources */,
				18B474CD301BAC3500B48ED9 /* IosTemplateProjectApp.swift in Sources */,
				18B474CE301BAC3500B48ED9 /* Item.swift in Sources */,
			);
			runOnlyForDeploymentPostprocessing = 0;
		};
/* End PBXSourcesBuildPhase section */

/* Begin XCBuildConfiguration section */
		18B474C2301BAC2D00B48ED9 /* Debug */ = {
			isa = XCBuildConfiguration;
			buildSettings = {
				ALWAYS_SEARCH_USER_PATHS = NO;
				ASSETCATALOG_COMPILER_GENERATE_SWIFT_ASSET_SYMBOL_EXTENSIONS = YES;
				CLANG_ANALYZER_NONNULL = YES;
				CLANG_ANALYZER_NUMBER_OBJECT_CONVERSION = YES_AGGRESSIVE;
				CLANG_CXX_LANGUAGE_STANDARD = "gnu++20";
				CLANG_ENABLE_MODULES = YES;
				CLANG_ENABLE_OBJC_ARC = YES;
				CLANG_ENABLE_OBJC_WEAK = YES;
				CLANG_WARN_BLOCK_CAPTURE_AUTORELEASING = YES;
				CLANG_WARN_BOOL_CONVERSION = YES;
				CLANG_WARN_COMMA = YES;
				CLANG_WARN_CONSTANT_CONVERSION = YES;
				CLANG_WARN_DEPRECATED_OBJC_IMPLEMENTATIONS = YES;
				CLANG_WARN_DIRECT_OBJC_ISA_USAGE = YES_ERROR;
				CLANG_WARN_DOCUMENTATION_COMMENTS = YES;
				CLANG_WARN_EMPTY_BODY = YES;
				CLANG_WARN_ENUM_CONVERSION = YES;
				CLANG_WARN_INFINITE_RECURSION = YES;
				CLANG_WARN_INT_CONVERSION = YES;
				CLANG_WARN_NON_LITERAL_NULL_CONVERSION = YES;
				CLANG_WARN_OBJC_IMPLICIT_RETAIN_SELF = YES;
				CLANG_WARN_OBJC_LITERAL_CONVERSION = YES;
				CLANG_WARN_OBJC_ROOT_CLASS = YES_ERROR;
				CLANG_WARN_QUOTED_INCLUDE_IN_FRAMEWORK_HEADER = YES;
				CLANG_WARN_RANGE_LOOP_ANALYSIS = YES;
				CLANG_WARN_STRICT_PROTOTYPES = YES;
				CLANG_WARN_SUSPICIOUS_MOVE = YES;
				CLANG_WARN_UNGUARDED_AVAILABILITY = YES_AGGRESSIVE;
				CLANG_WARN_UNREACHABLE_CODE = YES;
				CLANG_WARN__DUPLICATE_METHOD_MATCH = YES;
				COPY_PHASE_STRIP = NO;
				DEBUG_INFORMATION_FORMAT = dwarf;
				ENABLE_STRICT_OBJC_MSGSEND = YES;
				ENABLE_TESTABILITY = YES;
				ENABLE_USER_SCRIPT_SANDBOXING = YES;
				GCC_C_LANGUAGE_STANDARD = gnu17;
				GCC_DYNAMIC_NO_PIC = NO;
				GCC_NO_COMMON_BLOCKS = YES;
				GCC_OPTIMIZATION_LEVEL = 0;
				GCC_PREPROCESSOR_DEFINITIONS = (
					"DEBUG=1",
					"$(inherited)",
				);
				GCC_WARN_64_TO_32_BIT_CONVERSION = YES;
				GCC_WARN_ABOUT_RETURN_TYPE = YES_ERROR;
				GCC_WARN_UNDECLARED_SELECTOR = YES;
				GCC_WARN_UNINITIALIZED_AUTOS = YES_AGGRESSIVE;
				GCC_WARN_UNUSED_FUNCTION = YES;
				GCC_WARN_UNUSED_VARIABLE = YES;
				IPHONEOS_DEPLOYMENT_TARGET = 26.5;
				LOCALIZATION_PREFERS_STRING_CATALOGS = YES;
				MTL_ENABLE_DEBUG_INFO = INCLUDE_SOURCE;
				MTL_FAST_MATH = YES;
				ONLY_ACTIVE_ARCH = YES;
				SDKROOT = iphoneos;
				SWIFT_ACTIVE_COMPILATION_CONDITIONS = "DEBUG $(inherited)";
				SWIFT_OPTIMIZATION_LEVEL = "-Onone";
			};
			name = Debug;
		};
		18B474C3301BAC2D00B48ED9 /* Release */ = {
			isa = XCBuildConfiguration;
			buildSettings = {
				ALWAYS_SEARCH_USER_PATHS = NO;
				ASSETCATALOG_COMPILER_GENERATE_SWIFT_ASSET_SYMBOL_EXTENSIONS = YES;
				CLANG_ANALYZER_NONNULL = YES;
				CLANG_ANALYZER_NUMBER_OBJECT_CONVERSION = YES_AGGRESSIVE;
				CLANG_CXX_LANGUAGE_STANDARD = "gnu++20";
				CLANG_ENABLE_MODULES = YES;
				CLANG_ENABLE_OBJC_ARC = YES;
				CLANG_ENABLE_OBJC_WEAK = YES;
				CLANG_WARN_BLOCK_CAPTURE_AUTORELEASING = YES;
				CLANG_WARN_BOOL_CONVERSION = YES;
				CLANG_WARN_COMMA = YES;
				CLANG_WARN_CONSTANT_CONVERSION = YES;
				CLANG_WARN_DEPRECATED_OBJC_IMPLEMENTATIONS = YES;
				CLANG_WARN_DIRECT_OBJC_ISA_USAGE = YES_ERROR;
				CLANG_WARN_DOCUMENTATION_COMMENTS = YES;
				CLANG_WARN_EMPTY_BODY = YES;
				CLANG_WARN_ENUM_CONVERSION = YES;
				CLANG_WARN_INFINITE_RECURSION = YES;
				CLANG_WARN_INT_CONVERSION = YES;
				CLANG_WARN_NON_LITERAL_NULL_CONVERSION = YES;
				CLANG_WARN_OBJC_IMPLICIT_RETAIN_SELF = YES;
				CLANG_WARN_OBJC_LITERAL_CONVERSION = YES;
				CLANG_WARN_OBJC_ROOT_CLASS = YES_ERROR;
				CLANG_WARN_QUOTED_INCLUDE_IN_FRAMEWORK_HEADER = YES;
				CLANG_WARN_RANGE_LOOP_ANALYSIS = YES;
				CLANG_WARN_STRICT_PROTOTYPES = YES;
				CLANG_WARN_SUSPICIOUS_MOVE = YES;
				CLANG_WARN_UNGUARDED_AVAILABILITY = YES_AGGRESSIVE;
				CLANG_WARN_UNREACHABLE_CODE = YES;
				CLANG_WARN__DUPLICATE_METHOD_MATCH = YES;
				COPY_PHASE_STRIP = NO;
				DEBUG_INFORMATION_FORMAT = "dwarf-with-dsym";
				ENABLE_NS_ASSERTIONS = NO;
				ENABLE_STRICT_OBJC_MSGSEND = YES;
				ENABLE_USER_SCRIPT_SANDBOXING = YES;
				GCC_C_LANGUAGE_STANDARD = gnu17;
				GCC_NO_COMMON_BLOCKS = YES;
				GCC_WARN_64_TO_32_BIT_CONVERSION = YES;
				GCC_WARN_ABOUT_RETURN_TYPE = YES_ERROR;
				GCC_WARN_UNDECLARED_SELECTOR = YES;
				GCC_WARN_UNINITIALIZED_AUTOS = YES_AGGRESSIVE;
				GCC_WARN_UNUSED_FUNCTION = YES;
				GCC_WARN_UNUSED_VARIABLE = YES;
				IPHONEOS_DEPLOYMENT_TARGET = 26.5;
				LOCALIZATION_PREFERS_STRING_CATALOGS = YES;
				MTL_ENABLE_DEBUG_INFO = NO;
				MTL_FAST_MATH = YES;
				SDKROOT = iphoneos;
				SWIFT_COMPILATION_MODE = wholemodule;
				VALIDATE_PRODUCT = YES;
			};
			name = Release;
		};
		18B474C5301BAC2D00B48ED9 /* Debug */ = {
			isa = XCBuildConfiguration;
			buildSettings = {
				ASSETCATALOG_COMPILER_APPICON_NAME = AppIcon;
				ASSETCATALOG_COMPILER_GLOBAL_ACCENT_COLOR_NAME = AccentColor;
				CODE_SIGN_STYLE = Automatic;
				CURRENT_PROJECT_VERSION = 1;
				ENABLE_PREVIEWS = YES;
				GENERATE_INFOPLIST_FILE = YES;
				INFOPLIST_KEY_UIApplicationSceneManifest_Generation = YES;
				INFOPLIST_KEY_UIApplicationSupportsIndirectInputEvents = YES;
				INFOPLIST_KEY_UILaunchScreen_Generation = YES;
				INFOPLIST_KEY_UISupportedInterfaceOrientations = UIInterfaceOrientationPortrait;
				INFOPLIST_KEY_UISupportedInterfaceOrientations_iPad = "UIInterfaceOrientationLandscapeLeft UIInterfaceOrientationLandscapeRight UIInterfaceOrientationPortrait UIInterfaceOrientationPortraitUpsideDown";
				IPHONEOS_DEPLOYMENT_TARGET = 18.0;
				LD_RUNPATH_SEARCH_PATHS = (
					"$(inherited)",
					"@executable_path/Frameworks",
				);
				MARKETING_VERSION = 1.0;
				PRODUCT_BUNDLE_IDENTIFIER = flexTirex.IosTemplateProject;
				PRODUCT_NAME = "$(TARGET_NAME)";
				STRING_CATALOG_GENERATE_SYMBOLS = YES;
				SUPPORTED_PLATFORMS = "iphoneos iphonesimulator";
				SUPPORTS_MACCATALYST = NO;
				SUPPORTS_XR_DESIGNED_FOR_IPHONE_IPAD = NO;
				SWIFT_APPROACHABLE_CONCURRENCY = YES;
				SWIFT_DEFAULT_ACTOR_ISOLATION = MainActor;
				SWIFT_EMIT_LOC_STRINGS = YES;
				SWIFT_UPCOMING_FEATURE_MEMBER_IMPORT_VISIBILITY = YES;
				SWIFT_VERSION = 5.0;
				TARGETED_DEVICE_FAMILY = 1;
			};
			name = Debug;
		};
		18B474C6301BAC2D00B48ED9 /* Release */ = {
			isa = XCBuildConfiguration;
			buildSettings = {
				ASSETCATALOG_COMPILER_APPICON_NAME = AppIcon;
				ASSETCATALOG_COMPILER_GLOBAL_ACCENT_COLOR_NAME = AccentColor;
				CODE_SIGN_STYLE = Automatic;
				CURRENT_PROJECT_VERSION = 1;
				ENABLE_PREVIEWS = YES;
				GENERATE_INFOPLIST_FILE = YES;
				INFOPLIST_KEY_UIApplicationSceneManifest_Generation = YES;
				INFOPLIST_KEY_UIApplicationSupportsIndirectInputEvents = YES;
				INFOPLIST_KEY_UILaunchScreen_Generation = YES;
				INFOPLIST_KEY_UISupportedInterfaceOrientations = UIInterfaceOrientationPortrait;
				INFOPLIST_KEY_UISupportedInterfaceOrientations_iPad = "UIInterfaceOrientationLandscapeLeft UIInterfaceOrientationLandscapeRight UIInterfaceOrientationPortrait UIInterfaceOrientationPortraitUpsideDown";
				IPHONEOS_DEPLOYMENT_TARGET = 18.0;
				LD_RUNPATH_SEARCH_PATHS = (
					"$(inherited)",
					"@executable_path/Frameworks",
				);
				MARKETING_VERSION = 1.0;
				PRODUCT_BUNDLE_IDENTIFIER = flexTirex.IosTemplateProject;
				PRODUCT_NAME = "$(TARGET_NAME)";
				STRING_CATALOG_GENERATE_SYMBOLS = YES;
				SUPPORTED_PLATFORMS = "iphoneos iphonesimulator";
				SUPPORTS_MACCATALYST = NO;
				SUPPORTS_XR_DESIGNED_FOR_IPHONE_IPAD = NO;
				SWIFT_APPROACHABLE_CONCURRENCY = YES;
				SWIFT_DEFAULT_ACTOR_ISOLATION = MainActor;
				SWIFT_EMIT_LOC_STRINGS = YES;
				SWIFT_UPCOMING_FEATURE_MEMBER_IMPORT_VISIBILITY = YES;
				SWIFT_VERSION = 5.0;
				TARGETED_DEVICE_FAMILY = 1;
			};
			name = Release;
		};
/* End XCBuildConfiguration section */

/* Begin XCConfigurationList section */
		18B474B2301BAC2C00B48ED9 /* Build configuration list for PBXProject "IosTemplateProject" */ = {
			isa = XCConfigurationList;
			buildConfigurations = (
				18B474C2301BAC2D00B48ED9 /* Debug */,
				18B474C3301BAC2D00B48ED9 /* Release */,
			);
			defaultConfigurationIsVisible = 0;
			defaultConfigurationName = Release;
		};
		18B474C4301BAC2D00B48ED9 /* Build configuration list for PBXNativeTarget "IosTemplateProject" */ = {
			isa = XCConfigurationList;
			buildConfigurations = (
				18B474C5301BAC2D00B48ED9 /* Debug */,
				18B474C6301BAC2D00B48ED9 /* Release */,
			);
			defaultConfigurationIsVisible = 0;
			defaultConfigurationName = Release;
		};
/* End XCConfigurationList section */
	};
	rootObject = 18B474AF301BAC2C00B48ED9 /* Project object */;
}
