{
  "originHash" : "d578184da39ff4ba3bc2adfa64c62469bda5b8b2e12386518f2e447bd5e4e61f",
  "pins" : [
    {
      "identity" : "adaptysdk-ios",
      "kind" : "remoteSourceControl",
      "location" : "https://github.com/adaptyteam/AdaptySDK-iOS.git",
      "state" : {
        "revision" : "2c73ea4599b2e30bd4ba0a72660e1497a7b069f3",
        "version" : "3.17.3"
      }
    },
    {
      "identity" : "broad-core-ios",
      "kind" : "remoteSourceControl",
      "location" : "https://github.com/BroadApps-official/broad-core-ios.git",
      "state" : {
        "revision" : "d784f2b179edafcfeb31b1b87d236ab96538588e",
        "version" : "3.0.0"
      }
    },
    {
      "identity" : "broad-extensions-ios",
      "kind" : "remoteSourceControl",
      "location" : "https://github.com/BroadApps-official/broad-extensions-ios.git",
      "state" : {
        "revision" : "51a2172ce87980bf99a9cf2badadf45675a3664b",
        "version" : "1.0.1"
      }
    },
    {
      "identity" : "broad-monetization-ios",
      "kind" : "remoteSourceControl",
      "location" : "https://github.com/BroadApps-official/broad-monetization-ios.git",
      "state" : {
        "revision" : "93e495984668e6312609cfe77a7695bd92e14f75",
        "version" : "5.2.0"
      }
    },
    {
      "identity" : "broad-ru-billing-ios",
      "kind" : "remoteSourceControl",
      "location" : "https://github.com/BroadApps-official/broad-ru-billing-ios.git",
      "state" : {
        "revision" : "b15bcc241ac2c9074c8a3ff6f0d5503891f061ac",
        "version" : "1.0.1"
      }
    },
    {
      "identity" : "broad-ui-flows-ios",
      "kind" : "remoteSourceControl",
      "location" : "https://github.com/BroadApps-official/broad-ui-flows-ios.git",
      "state" : {
        "revision" : "9a28389569d4e2fbeddb608542e736f3507a62c3",
        "version" : "6.3.0"
      }
    },
    {
      "identity" : "swinject",
      "kind" : "remoteSourceControl",
      "location" : "https://github.com/Swinject/Swinject.git",
      "state" : {
        "revision" : "b685b549fe4d8ae265fc7a2f27d0789720425d69",
        "version" : "2.10.0"
      }
    }
  ],
  "version" : 3
}
