{
  "originHash" : "f6cdf68c13c86ae30561292e7fb24cf1ac4b9ecd1295c1dbef11e6576183e660",
  "pins" : [
    {
      "identity" : "adaptysdk-ios",
      "kind" : "remoteSourceControl",
      "location" : "https://github.com/adaptyteam/AdaptySDK-iOS.git",
      "state" : {
        "revision" : "2c73ea4599b2e30bd4ba0a72660e1497a7b069f3",
        "version" : "3.17.3"
      }
    },
    {
      "identity" : "broad-core-ios",
      "kind" : "remoteSourceControl",
      "location" : "https://github.com/BroadApps-official/broad-core-ios.git",
      "state" : {
        "revision" : "b2fb737e1ffc0b1e0908c53965ff0daded2be07b",
        "version" : "1.0.0"
      }
    },
    {
      "identity" : "broad-extensions-ios",
      "kind" : "remoteSourceControl",
      "location" : "https://github.com/BroadApps-official/broad-extensions-ios.git",
      "state" : {
        "revision" : "6ae3720885ba5fcc74deea1d116d589c24141a2e",
        "version" : "1.0.0"
      }
    },
    {
      "identity" : "swinject",
      "kind" : "remoteSourceControl",
      "location" : "https://github.com/Swinject/Swinject.git",
      "state" : {
        "revision" : "b685b549fe4d8ae265fc7a2f27d0789720425d69",
        "version" : "2.10.0"
      }
    }
  ],
  "version" : 3
}
