{
  "originHash" : "6158c3165bd3b241e45ac0bf84126fb524dd84a6ec4538c055475c8196d67ad1",
  "pins" : [
    {
      "identity" : "adaptysdk-ios",
      "kind" : "remoteSourceControl",
      "location" : "https://github.com/adaptyteam/AdaptySDK-iOS.git",
      "state" : {
        "revision" : "2c73ea4599b2e30bd4ba0a72660e1497a7b069f3",
        "version" : "3.17.3"
      }
    },
    {
      "identity" : "broad-core-ios",
      "kind" : "remoteSourceControl",
      "location" : "https://github.com/BroadApps-official/broad-core-ios.git",
      "state" : {
        "revision" : "44aea89270bbf5ecb60a7499fbf6cdd8311c8705",
        "version" : "1.1.0"
      }
    },
    {
      "identity" : "broad-extensions-ios",
      "kind" : "remoteSourceControl",
      "location" : "https://github.com/BroadApps-official/broad-extensions-ios.git",
      "state" : {
        "revision" : "51a2172ce87980bf99a9cf2badadf45675a3664b",
        "version" : "1.0.1"
      }
    },
    {
      "identity" : "broad-monetization-ios",
      "kind" : "remoteSourceControl",
      "location" : "https://github.com/BroadApps-official/broad-monetization-ios.git",
      "state" : {
        "revision" : "4aa2717c748c190fd4f0b2fd2256271278386ced",
        "version" : "1.1.0"
      }
    },
    {
      "identity" : "broad-ui-flows-ios",
      "kind" : "remoteSourceControl",
      "location" : "https://github.com/BroadApps-official/broad-ui-flows-ios.git",
      "state" : {
        "revision" : "5f0ad974c2aa2b307eb8a89d066f9e0b1e157cec",
        "version" : "1.0.1"
      }
    },
    {
      "identity" : "swinject",
      "kind" : "remoteSourceControl",
      "location" : "https://github.com/Swinject/Swinject.git",
      "state" : {
        "revision" : "b685b549fe4d8ae265fc7a2f27d0789720425d69",
        "version" : "2.10.0"
      }
    }
  ],
  "version" : 3
}
