{
  "originHash" : "9d68fbed7051def7511fdd5536ce65973414213e6df1520d317917a39000bb51",
  "pins" : [
    {
      "identity" : "adaptysdk-ios",
      "kind" : "remoteSourceControl",
      "location" : "https://github.com/adaptyteam/AdaptySDK-iOS.git",
      "state" : {
        "revision" : "2c73ea4599b2e30bd4ba0a72660e1497a7b069f3",
        "version" : "3.17.3"
      }
    },
    {
      "identity" : "broad-core-ios",
      "kind" : "remoteSourceControl",
      "location" : "https://github.com/BroadApps-official/broad-core-ios.git",
      "state" : {
        "revision" : "d784f2b179edafcfeb31b1b87d236ab96538588e",
        "version" : "3.0.0"
      }
    },
    {
      "identity" : "broad-extensions-ios",
      "kind" : "remoteSourceControl",
      "location" : "https://github.com/BroadApps-official/broad-extensions-ios.git",
      "state" : {
        "revision" : "51a2172ce87980bf99a9cf2badadf45675a3664b",
        "version" : "1.0.1"
      }
    },
    {
      "identity" : "broad-monetization-ios",
      "kind" : "remoteSourceControl",
      "location" : "https://github.com/BroadApps-official/broad-monetization-ios.git",
      "state" : {
        "revision" : "825fe1c6be93ecb01a42ee7b9dddd0545641960c",
        "version" : "5.1.0"
      }
    },
    {
      "identity" : "broad-ru-billing-ios",
      "kind" : "remoteSourceControl",
      "location" : "https://github.com/BroadApps-official/broad-ru-billing-ios.git",
      "state" : {
        "revision" : "ad441f8bf36844516b5ac7d1a76ae2df76ce89bc",
        "version" : "1.0.0"
      }
    },
    {
      "identity" : "broad-ui-flows-ios",
      "kind" : "remoteSourceControl",
      "location" : "https://github.com/BroadApps-official/broad-ui-flows-ios.git",
      "state" : {
        "revision" : "6e7f3c9b6cf1e7b9b00b93d2e5460ad4295d3369",
        "version" : "5.0.0"
      }
    },
    {
      "identity" : "swinject",
      "kind" : "remoteSourceControl",
      "location" : "https://github.com/Swinject/Swinject.git",
      "state" : {
        "revision" : "b685b549fe4d8ae265fc7a2f27d0789720425d69",
        "version" : "2.10.0"
      }
    }
  ],
  "version" : 3
}
