{
  "originHash" : "6158c3165bd3b241e45ac0bf84126fb524dd84a6ec4538c055475c8196d67ad1",
  "pins" : [
    {
      "identity" : "adaptysdk-ios",
      "kind" : "remoteSourceControl",
      "location" : "https://github.com/adaptyteam/AdaptySDK-iOS.git",
      "state" : {
        "revision" : "2c73ea4599b2e30bd4ba0a72660e1497a7b069f3",
        "version" : "3.17.3"
      }
    },
    {
      "identity" : "broad-core-ios",
      "kind" : "remoteSourceControl",
      "location" : "https://github.com/BroadApps-official/broad-core-ios.git",
      "state" : {
        "revision" : "97c274e7f78654fca7c6be489af315f8e3941c4c",
        "version" : "2.0.0"
      }
    },
    {
      "identity" : "broad-extensions-ios",
      "kind" : "remoteSourceControl",
      "location" : "https://github.com/BroadApps-official/broad-extensions-ios.git",
      "state" : {
        "revision" : "51a2172ce87980bf99a9cf2badadf45675a3664b",
        "version" : "1.0.1"
      }
    },
    {
      "identity" : "broad-monetization-ios",
      "kind" : "remoteSourceControl",
      "location" : "https://github.com/BroadApps-official/broad-monetization-ios.git",
      "state" : {
        "revision" : "bad749f7f0cb772021793cd121ec4c6a50ba14ac",
        "version" : "4.0.0"
      }
    },
    {
      "identity" : "broad-ui-flows-ios",
      "kind" : "remoteSourceControl",
      "location" : "https://github.com/BroadApps-official/broad-ui-flows-ios.git",
      "state" : {
        "revision" : "030dbfd7b22f4b919c5e25b204a80de999d42b57",
        "version" : "4.0.0"
      }
    },
    {
      "identity" : "swinject",
      "kind" : "remoteSourceControl",
      "location" : "https://github.com/Swinject/Swinject.git",
      "state" : {
        "revision" : "b685b549fe4d8ae265fc7a2f27d0789720425d69",
        "version" : "2.10.0"
      }
    }
  ],
  "version" : 3
}
